
Microsoft Visual Studio Solution File, Format Version 12.00
# Visual Studio Version 16
VisualStudioVersion = 16.0.29306.81
MinimumVisualStudioVersion = 10.0.40219.1
Project("{9A19103F-16F7-4668-BE54-9A1E7A4F7556}") = "WeatherApp", "WeatherApp.csproj", "{242D9F53-3BDA-40EB-A323-04A6721276CC}"
EndProject
Project("{9A19103F-16F7-4668-BE54-9A1E7A4F7556}") = "WeatherApp.Service", "..\WeatherApp.Service\WeatherApp.Service.csproj", "{6727C810-CEEB-464B-8DFB-B96AE814B306}"
EndProject
Project("{FAE04EC0-301F-11D3-BF4B-00C04F79EFBC}") = "WeatherApp.Service.Test", "..\WeatherApp.Service.Test\WeatherApp.Service.Test.csproj", "{670E989C-0870-4E33-ACC6-EF146EA60572}"
EndProject
Global
	GlobalSection(SolutionConfigurationPlatforms) = preSolution
		Debug|Any CPU = Debug|Any CPU
		Release|Any CPU = Release|Any CPU
	EndGlobalSection
	GlobalSection(ProjectConfigurationPlatforms) = postSolution
		{242D9F53-3BDA-40EB-A323-04A6721276CC}.Debug|Any CPU.ActiveCfg = Debug|Any CPU
		{242D9F53-3BDA-40EB-A323-04A6721276CC}.Debug|Any CPU.Build.0 = Debug|Any CPU
		{242D9F53-3BDA-40EB-A323-04A6721276CC}.Release|Any CPU.ActiveCfg = Release|Any CPU
		{242D9F53-3BDA-40EB-A323-04A6721276CC}.Release|Any CPU.Build.0 = Release|Any CPU
		{6727C810-CEEB-464B-8DFB-B96AE814B306}.Debug|Any CPU.ActiveCfg = Debug|Any CPU
		{6727C810-CEEB-464B-8DFB-B96AE814B306}.Debug|Any CPU.Build.0 = Debug|Any CPU
		{6727C810-CEEB-464B-8DFB-B96AE814B306}.Release|Any CPU.ActiveCfg = Release|Any CPU
		{6727C810-CEEB-464B-8DFB-B96AE814B306}.Release|Any CPU.Build.0 = Release|Any CPU
		{670E989C-0870-4E33-ACC6-EF146EA60572}.Debug|Any CPU.ActiveCfg = Debug|Any CPU
		{670E989C-0870-4E33-ACC6-EF146EA60572}.Debug|Any CPU.Build.0 = Debug|Any CPU
		{670E989C-0870-4E33-ACC6-EF146EA60572}.Release|Any CPU.ActiveCfg = Release|Any CPU
		{670E989C-0870-4E33-ACC6-EF146EA60572}.Release|Any CPU.Build.0 = Release|Any CPU
	EndGlobalSection
	GlobalSection(SolutionProperties) = preSolution
		HideSolutionNode = FALSE
	EndGlobalSection
	GlobalSection(ExtensibilityGlobals) = postSolution
		SolutionGuid = {B585B862-3CD2-4398-A39F-3FB3E94362FB}
	EndGlobalSection
EndGlobal
